// !$*UTF8*$!
{
	archiveVersion = 1;
	classes = {
	};
	objectVersion = 52;
	objects = {

/* Begin PBXBuildFile section */
		C87CBCF9265FBC4F00E3B030 /* AppDelegate.swift in Sources */ = {isa = PBXBuildFile; fileRef = C87CBCF8265FBC4F00E3B030 /* AppDelegate.swift */; };
		C87CBCFB265FBC4F00E3B030 /* SceneDelegate.swift in Sources */ = {isa = PBXBuildFile; fileRef = C87CBCFA265FBC4F00E3B030 /* SceneDelegate.swift */; };
		C87CBCFD265FBC4F00E3B030 /* ViewController.swift in Sources */ = {isa = PBXBuildFile; fileRef = C87CBCFC265FBC4F00E3B030 /* ViewController.swift */; };
		C87CBD00265FBC4F00E3B030 /* Main.storyboard in Resources */ = {isa = PBXBuildFile; fileRef = C87CBCFE265FBC4F00E3B030 /* Main.storyboard */; };
		C87CBD02265FBC5300E3B030 /* Assets.xcassets in Resources */ = {isa = PBXBuildFile; fileRef = C87CBD01265FBC5300E3B030 /* Assets.xcassets */; };
		C87CBD05265FBC5300E3B030 /* LaunchScreen.storyboard in Resources */ = {isa = PBXBuildFile; fileRef = C87CBD03265FBC5300E3B030 /* LaunchScreen.storyboard */; };
		C87CBD0F265FBFCC00E3B030 /* Loaf in Frameworks */ = {isa = PBXBuildFile; productRef = C87CBD0E265FBFCC00E3B030 /* Loaf */; };
		C87CBD13265FC01D00E3B030 /* MBProgressHUD in Frameworks */ = {isa = PBXBuildFile; productRef = C87CBD12265FC01D00E3B030 /* MBProgressHUD */; };
/* End PBXBuildFile section */

/* Begin PBXFileReference section */
		C87CBCF5265FBC4F00E3B030 /* Stock App.app */ = {isa = PBXFileReference; explicitFileType = wrapper.application; includeInIndex = 0; path = "Stock App.app"; sourceTree = BUILT_PRODUCTS_DIR; };
		C87CBCF8265FBC4F00E3B030 /* AppDelegate.swift */ = {isa = PBXFileReference; lastKnownFileType = sourcecode.swift; path = AppDelegate.swift; sourceTree = "<group>"; };
		C87CBCFA265FBC4F00E3B030 /* SceneDelegate.swift */ = {isa = PBXFileReference; lastKnownFileType = sourcecode.swift; path = SceneDelegate.swift; sourceTree = "<group>"; };
		C87CBCFC265FBC4F00E3B030 /* ViewController.swift */ = {isa = PBXFileReference; lastKnownFileType = sourcecode.swift; path = ViewController.swift; sourceTree = "<group>"; };
		C87CBCFF265FBC4F00E3B030 /* Base */ = {isa = PBXFileReference; lastKnownFileType = file.storyboard; name = Base; path = Base.lproj/Main.storyboard; sourceTree = "<group>"; };
		C87CBD01265FBC5300E3B030 /* Assets.xcassets */ = {isa = PBXFileReference; lastKnownFileType = folder.assetcatalog; path = Assets.xcassets; sourceTree = "<group>"; };
		C87CBD04265FBC5300E3B030 /* Base */ = {isa = PBXFileReference; lastKnownFileType = file.storyboard; name = Base; path = Base.lproj/LaunchScreen.storyboard; sourceTree = "<group>"; };
		C87CBD06265FBC5300E3B030 /* Info.plist */ = {isa = PBXFileReference; lastKnownFileType = text.plist.xml; path = Info.plist; sourceTree = "<group>"; };
/* End PBXFileReference section */

/* Begin PBXFrameworksBuildPhase section */
		C87CBCF2265FBC4F00E3B030 /* Frameworks */ = {
			isa = PBXFrameworksBuildPhase;
			buildActionMask = 2147483647;
			files = (
				C87CBD13265FC01D00E3B030 /* MBProgressHUD in Frameworks */,
				C87CBD0F265FBFCC00E3B030 /* Loaf in Frameworks */,
			);
			runOnlyForDeploymentPostprocessing = 0;
		};
/* End PBXFrameworksBuildPhase section */

/* Begin PBXGroup section */
		C87CBCEC265FBC4F00E3B030 = {
			isa = PBXGroup;
			children = (
				C87CBCF7265FBC4F00E3B030 /* Stock App */,
				C87CBCF6265FBC4F00E3B030 /* Products */,
			);
			sourceTree = "<group>";
		};
		C87CBCF6265FBC4F00E3B030 /* Products */ = {
			isa = PBXGroup;
			children = (
				C87CBCF5265FBC4F00E3B030 /* Stock App.app */,
			);
			name = Products;
			sourceTree = "<group>";
		};
		C87CBCF7265FBC4F00E3B030 /* Stock App */ = {
			isa = PBXGroup;
			children = (
				C87CBCF8265FBC4F00E3B030 /* AppDelegate.swift */,
				C87CBCFA265FBC4F00E3B030 /* SceneDelegate.swift */,
				C87CBCFC265FBC4F00E3B030 /* ViewController.swift */,
				C87CBCFE265FBC4F00E3B030 /* Main.storyboard */,
				C87CBD01265FBC5300E3B030 /* Assets.xcassets */,
				C87CBD03265FBC5300E3B030 /* LaunchScreen.storyboard */,
				C87CBD06265FBC5300E3B030 /* Info.plist */,
			);
			path = "Stock App";
			sourceTree = "<group>";
		};
/* End PBXGroup section */

/* Begin PBXNativeTarget section */
		C87CBCF4265FBC4F00E3B030 /* Stock App */ = {
			isa = PBXNativeTarget;
			buildConfigurationList = C87CBD09265FBC5300E3B030 /* Build configuration list for PBXNativeTarget "Stock App" */;
			buildPhases = (
				C87CBCF1265FBC4F00E3B030 /* Sources */,
				C87CBCF2265FBC4F00E3B030 /* Frameworks */,
				C87CBCF3265FBC4F00E3B030 /* Resources */,
			);
			buildRules = (
			);
			dependencies = (
			);
			name = "Stock App";
			packageProductDependencies = (
				C87CBD0E265FBFCC00E3B030 /* Loaf */,
				C87CBD12265FC01D00E3B030 /* MBProgressHUD */,
			);
			productName = "Stock App";
			productReference = C87CBCF5265FBC4F00E3B030 /* Stock App.app */;
			productType = "com.apple.product-type.application";
		};
/* End PBXNativeTarget section */

/* Begin PBXProject section */
		C87CBCED265FBC4F00E3B030 /* Project object */ = {
			isa = PBXProject;
			attributes = {
				LastSwiftUpdateCheck = 1240;
				LastUpgradeCheck = 1240;
				TargetAttributes = {
					C87CBCF4265FBC4F00E3B030 = {
						CreatedOnToolsVersion = 12.4;
					};
				};
			};
			buildConfigurationList = C87CBCF0265FBC4F00E3B030 /* Build configuration list for PBXProject "Stock App" */;
			compatibilityVersion = "Xcode 9.3";
			developmentRegion = en;
			hasScannedForEncodings = 0;
			knownRegions = (
				en,
				Base,
			);
			mainGroup = C87CBCEC265FBC4F00E3B030;
			packageReferences = (
				C87CBD0D265FBFCC00E3B030 /* XCRemoteSwiftPackageReference "Loaf" */,
				C87CBD11265FC01D00E3B030 /* XCRemoteSwiftPackageReference "MBProgressHUD" */,
			);
			productRefGroup = C87CBCF6265FBC4F00E3B030 /* Products */;
			projectDirPath = "";
			projectRoot = "";
			targets = (
				C87CBCF4265FBC4F00E3B030 /* Stock App */,
			);
		};
/* End PBXProject section */

/* Begin PBXResourcesBuildPhase section */
		C87CBCF3265FBC4F00E3B030 /* Resources */ = {
			isa = PBXResourcesBuildPhase;
			buildActionMask = 2147483647;
			files = (
				C87CBD05265FBC5300E3B030 /* LaunchScreen.storyboard in Resources */,
				C87CBD02265FBC5300E3B030 /* Assets.xcassets in Resources */,
				C87CBD00265FBC4F00E3B030 /* Main.storyboard in Resources */,
			);
			runOnlyForDeploymentPostprocessing = 0;
		};
/* End PBXResourcesBuildPhase section */

/* Begin PBXSourcesBuildPhase section */
		C87CBCF1265FBC4F00E3B030 /* Sources */ = {
			isa = PBXSourcesBuildPhase;
			buildActionMask = 2147483647;
			files = (
				C87CBCFD265FBC4F00E3B030 /* ViewController.swift in Sources */,
				C87CBCF9265FBC4F00E3B030 /* AppDelegate.swift in Sources */,
				C87CBCFB265FBC4F00E3B030 /* SceneDelegate.swift in Sources */,
			);
			runOnlyForDeploymentPostprocessing = 0;
		};
/* End PBXSourcesBuildPhase section */

/* Begin PBXVariantGroup section */
		C87CBCFE265FBC4F00E3B030 /* Main.storyboard */ = {
			isa = PBXVariantGroup;
			children = (
				C87CBCFF265FBC4F00E3B030 /* Base */,
			);
			name = Main.storyboard;
			sourceTree = "<group>";
		};
		C87CBD03265FBC5300E3B030 /* LaunchScreen.storyboard */ = {
			isa = PBXVariantGroup;
			children = (
				C87CBD04265FBC5300E3B030 /* Base */,
			);
			name = LaunchScreen.storyboard;
			sourceTree = "<group>";
		};
/* End PBXVariantGroup section */

/* Begin XCBuildConfiguration section */
		C87CBD07265FBC5300E3B030 /* Debug */ = {
			isa = XCBuildConfiguration;
			buildSettings = {
				ALWAYS_SEARCH_USER_PATHS = NO;
				CLANG_ANALYZER_NONNULL = YES;
				CLANG_ANALYZER_NUMBER_OBJECT_CONVERSION = YES_AGGRESSIVE;
				CLANG_CXX_LANGUAGE_STANDARD = "gnu++14";
				CLANG_CXX_LIBRARY = "libc++";
				CLANG_ENABLE_MODULES = YES;
				CLANG_ENABLE_OBJC_ARC = YES;
				CLANG_ENABLE_OBJC_WEAK = YES;
				CLANG_WARN_BLOCK_CAPTURE_AUTORELEASING = YES;
				CLANG_WARN_BOOL_CONVERSION = YES;
				CLANG_WARN_COMMA = YES;
				CLANG_WARN_CONSTANT_CONVERSION = YES;
				CLANG_WARN_DEPRECATED_OBJC_IMPLEMENTATIONS = YES;
				CLANG_WARN_DIRECT_OBJC_ISA_USAGE = YES_ERROR;
				CLANG_WARN_DOCUMENTATION_COMMENTS = YES;
				CLANG_WARN_EMPTY_BODY = YES;
				CLANG_WARN_ENUM_CONVERSION = YES;
				CLANG_WARN_INFINITE_RECURSION = YES;
				CLANG_WARN_INT_CONVERSION = YES;
				CLANG_WARN_NON_LITERAL_NULL_CONVERSION = YES;
				CLANG_WARN_OBJC_IMPLICIT_RETAIN_SELF = YES;
				CLANG_WARN_OBJC_LITERAL_CONVERSION = YES;
				CLANG_WARN_OBJC_ROOT_CLASS = YES_ERROR;
				CLANG_WARN_QUOTED_INCLUDE_IN_FRAMEWORK_HEADER = YES;
				CLANG_WARN_RANGE_LOOP_ANALYSIS = YES;
				CLANG_WARN_STRICT_PROTOTYPES = YES;
				CLANG_WARN_SUSPICIOUS_MOVE = YES;
				CLANG_WARN_UNGUARDED_AVAILABILITY = YES_AGGRESSIVE;
				CLANG_WARN_UNREACHABLE_CODE = YES;
				CLANG_WARN__DUPLICATE_METHOD_MATCH = YES;
				COPY_PHASE_STRIP = NO;
				DEBUG_INFORMATION_FORMAT = dwarf;
				ENABLE_STRICT_OBJC_MSGSEND = YES;
				ENABLE_TESTABILITY = YES;
				GCC_C_LANGUAGE_STANDARD = gnu11;
				GCC_DYNAMIC_NO_PIC = NO;
				GCC_NO_COMMON_BLOCKS = YES;
				GCC_OPTIMIZATION_LEVEL = 0;
				GCC_PREPROCESSOR_DEFINITIONS = (
					"DEBUG=1",
					"$(inherited)",
				);
				GCC_WARN_64_TO_32_BIT_CONVERSION = YES;
				GCC_WARN_ABOUT_RETURN_TYPE = YES_ERROR;
				GCC_WARN_UNDECLARED_SELECTOR = YES;
				GCC_WARN_UNINITIALIZED_AUTOS = YES_AGGRESSIVE;
				GCC_WARN_UNUSED_FUNCTION = YES;
				GCC_WARN_UNUSED_VARIABLE = YES;
				IPHONEOS_DEPLOYMENT_TARGET = 14.4;
				MTL_ENABLE_DEBUG_INFO = INCLUDE_SOURCE;
				MTL_FAST_MATH = YES;
				ONLY_ACTIVE_ARCH = YES;
				SDKROOT = iphoneos;
				SWIFT_ACTIVE_COMPILATION_CONDITIONS = DEBUG;
				SWIFT_OPTIMIZATION_LEVEL = "-Onone";
			};
			name = Debug;
		};
		C87CBD08265FBC5300E3B030 /* Release */ = {
			isa = XCBuildConfiguration;
			buildSettings = {
				ALWAYS_SEARCH_USER_PATHS = NO;
				CLANG_ANALYZER_NONNULL = YES;
				CLANG_ANALYZER_NUMBER_OBJECT_CONVERSION = YES_AGGRESSIVE;
				CLANG_CXX_LANGUAGE_STANDARD = "gnu++14";
				CLANG_CXX_LIBRARY = "libc++";
				CLANG_ENABLE_MODULES = YES;
				CLANG_ENABLE_OBJC_ARC = YES;
				CLANG_ENABLE_OBJC_WEAK = YES;
				CLANG_WARN_BLOCK_CAPTURE_AUTORELEASING = YES;
				CLANG_WARN_BOOL_CONVERSION = YES;
				CLANG_WARN_COMMA = YES;
				CLANG_WARN_CONSTANT_CONVERSION = YES;
				CLANG_WARN_DEPRECATED_OBJC_IMPLEMENTATIONS = YES;
				CLANG_WARN_DIRECT_OBJC_ISA_USAGE = YES_ERROR;
				CLANG_WARN_DOCUMENTATION_COMMENTS = YES;
				CLANG_WARN_EMPTY_BODY = YES;
				CLANG_WARN_ENUM_CONVERSION = YES;
				CLANG_WARN_INFINITE_RECURSION = YES;
				CLANG_WARN_INT_CONVERSION = YES;
				CLANG_WARN_NON_LITERAL_NULL_CONVERSION = YES;
				CLANG_WARN_OBJC_IMPLICIT_RETAIN_SELF = YES;
				CLANG_WARN_OBJC_LITERAL_CONVERSION = YES;
				CLANG_WARN_OBJC_ROOT_CLASS = YES_ERROR;
				CLANG_WARN_QUOTED_INCLUDE_IN_FRAMEWORK_HEADER = YES;
				CLANG_WARN_RANGE_LOOP_ANALYSIS = YES;
				CLANG_WARN_STRICT_PROTOTYPES = YES;
				CLANG_WARN_SUSPICIOUS_MOVE = YES;
				CLANG_WARN_UNGUARDED_AVAILABILITY = YES_AGGRESSIVE;
				CLANG_WARN_UNREACHABLE_CODE = YES;
				CLANG_WARN__DUPLICATE_METHOD_MATCH = YES;
				COPY_PHASE_STRIP = NO;
				DEBUG_INFORMATION_FORMAT = "dwarf-with-dsym";
				ENABLE_NS_ASSERTIONS = NO;
				ENABLE_STRICT_OBJC_MSGSEND = YES;
				GCC_C_LANGUAGE_STANDARD = gnu11;
				GCC_NO_COMMON_BLOCKS = YES;
				GCC_WARN_64_TO_32_BIT_CONVERSION = YES;
				GCC_WARN_ABOUT_RETURN_TYPE = YES_ERROR;
				GCC_WARN_UNDECLARED_SELECTOR = YES;
				GCC_WARN_UNINITIALIZED_AUTOS = YES_AGGRESSIVE;
				GCC_WARN_UNUSED_FUNCTION = YES;
				GCC_WARN_UNUSED_VARIABLE = YES;
				IPHONEOS_DEPLOYMENT_TARGET = 14.4;
				MTL_ENABLE_DEBUG_INFO = NO;
				MTL_FAST_MATH = YES;
				SDKROOT = iphoneos;
				SWIFT_COMPILATION_MODE = wholemodule;
				SWIFT_OPTIMIZATION_LEVEL = "-O";
				VALIDATE_PRODUCT = YES;
			};
			name = Release;
		};
		C87CBD0A265FBC5300E3B030 /* Debug */ = {
			isa = XCBuildConfiguration;
			buildSettings = {
				ASSETCATALOG_COMPILER_APPICON_NAME = AppIcon;
				ASSETCATALOG_COMPILER_GLOBAL_ACCENT_COLOR_NAME = AccentColor;
				CODE_SIGN_STYLE = Automatic;
				DEVELOPMENT_TEAM = TK9NF9VFNN;
				INFOPLIST_FILE = "Stock App/Info.plist";
				LD_RUNPATH_SEARCH_PATHS = (
					"$(inherited)",
					"@executable_path/Frameworks",
				);
				PRODUCT_BUNDLE_IDENTIFIER = "com.thobio.Stock-App";
				PRODUCT_NAME = "$(TARGET_NAME)";
				SWIFT_VERSION = 5.0;
				TARGETED_DEVICE_FAMILY = "1,2";
			};
			name = Debug;
		};
		C87CBD0B265FBC5300E3B030 /* Release */ = {
			isa = XCBuildConfiguration;
			buildSettings = {
				ASSETCATALOG_COMPILER_APPICON_NAME = AppIcon;
				ASSETCATALOG_COMPILER_GLOBAL_ACCENT_COLOR_NAME = AccentColor;
				CODE_SIGN_STYLE = Automatic;
				DEVELOPMENT_TEAM = TK9NF9VFNN;
				INFOPLIST_FILE = "Stock App/Info.plist";
				LD_RUNPATH_SEARCH_PATHS = (
					"$(inherited)",
					"@executable_path/Frameworks",
				);
				PRODUCT_BUNDLE_IDENTIFIER = "com.thobio.Stock-App";
				PRODUCT_NAME = "$(TARGET_NAME)";
				SWIFT_VERSION = 5.0;
				TARGETED_DEVICE_FAMILY = "1,2";
			};
			name = Release;
		};
/* End XCBuildConfiguration section */

/* Begin XCConfigurationList section */
		C87CBCF0265FBC4F00E3B030 /* Build configuration list for PBXProject "Stock App" */ = {
			isa = XCConfigurationList;
			buildConfigurations = (
				C87CBD07265FBC5300E3B030 /* Debug */,
				C87CBD08265FBC5300E3B030 /* Release */,
			);
			defaultConfigurationIsVisible = 0;
			defaultConfigurationName = Release;
		};
		C87CBD09265FBC5300E3B030 /* Build configuration list for PBXNativeTarget "Stock App" */ = {
			isa = XCConfigurationList;
			buildConfigurations = (
				C87CBD0A265FBC5300E3B030 /* Debug */,
				C87CBD0B265FBC5300E3B030 /* Release */,
			);
			defaultConfigurationIsVisible = 0;
			defaultConfigurationName = Release;
		};
/* End XCConfigurationList section */

/* Begin XCRemoteSwiftPackageReference section */
		C87CBD0D265FBFCC00E3B030 /* XCRemoteSwiftPackageReference "Loaf" */ = {
			isa = XCRemoteSwiftPackageReference;
			repositoryURL = "https://github.com/schmidyy/Loaf";
			requirement = {
				kind = upToNextMajorVersion;
				minimumVersion = 0.7.0;
			};
		};
		C87CBD11265FC01D00E3B030 /* XCRemoteSwiftPackageReference "MBProgressHUD" */ = {
			isa = XCRemoteSwiftPackageReference;
			repositoryURL = "https://github.com/jdg/MBProgressHUD";
			requirement = {
				kind = upToNextMajorVersion;
				minimumVersion = 1.2.0;
			};
		};
/* End XCRemoteSwiftPackageReference section */

/* Begin XCSwiftPackageProductDependency section */
		C87CBD0E265FBFCC00E3B030 /* Loaf */ = {
			isa = XCSwiftPackageProductDependency;
			package = C87CBD0D265FBFCC00E3B030 /* XCRemoteSwiftPackageReference "Loaf" */;
			productName = Loaf;
		};
		C87CBD12265FC01D00E3B030 /* MBProgressHUD */ = {
			isa = XCSwiftPackageProductDependency;
			package = C87CBD11265FC01D00E3B030 /* XCRemoteSwiftPackageReference "MBProgressHUD" */;
			productName = MBProgressHUD;
		};
/* End XCSwiftPackageProductDependency section */
	};
	rootObject = C87CBCED265FBC4F00E3B030 /* Project object */;
}
